// !$*UTF8*$!
{
	archiveVersion = 1;
	classes = {
	};
	objectVersion = 55;
	objects = {

/* Begin PBXBuildFile section */
		6B1D292C289228B8002302F3 /* TabBarViewModel.swift in Sources */ = {isa = PBXBuildFile; fileRef = 6B1D292B289228B8002302F3 /* TabBarViewModel.swift */; };
		6B465E42289273DD005776ED /* UIAlertController+.swift in Sources */ = {isa = PBXBuildFile; fileRef = 6B465E41289273DD005776ED /* UIAlertController+.swift */; };
		6BCD1F8F288E4D7300F63E64 /* TabBarController.swift in Sources */ = {isa = PBXBuildFile; fileRef = 6BCD1F8E288E4D7300F63E64 /* TabBarController.swift */; };
		6BCD1F91288E500700F63E64 /* SavedListViewController.swift in Sources */ = {isa = PBXBuildFile; fileRef = 6BCD1F90288E500700F63E64 /* SavedListViewController.swift */; };
		6BCD1F93288E52ED00F63E64 /* Icon.swift in Sources */ = {isa = PBXBuildFile; fileRef = 6BCD1F92288E52ED00F63E64 /* Icon.swift */; };
		6BCD1F95288E52FF00F63E64 /* TabBar.swift in Sources */ = {isa = PBXBuildFile; fileRef = 6BCD1F94288E52FF00F63E64 /* TabBar.swift */; };
		6BCD1F9C288E5E5100F63E64 /* PhotoListCollectionViewCell.swift in Sources */ = {isa = PBXBuildFile; fileRef = 6BCD1F9B288E5E5100F63E64 /* PhotoListCollectionViewCell.swift */; };
		6BCD1F9E288E5E7E00F63E64 /* CellIdentifiable.swift in Sources */ = {isa = PBXBuildFile; fileRef = 6BCD1F9D288E5E7E00F63E64 /* CellIdentifiable.swift */; };
		6BCD1FA0288E611D00F63E64 /* PhotoListCollectionViewLayout.swift in Sources */ = {isa = PBXBuildFile; fileRef = 6BCD1F9F288E611D00F63E64 /* PhotoListCollectionViewLayout.swift */; };
		6BCD1FA2288EBB7B00F63E64 /* Network.swift in Sources */ = {isa = PBXBuildFile; fileRef = 6BCD1FA1288EBB7B00F63E64 /* Network.swift */; };
		6BCD1FA6288EC95A00F63E64 /* NetworkResponse.swift in Sources */ = {isa = PBXBuildFile; fileRef = 6BCD1FA5288EC95A00F63E64 /* NetworkResponse.swift */; };
		6BCD1FA8288ECE9200F63E64 /* URLComponents+.swift in Sources */ = {isa = PBXBuildFile; fileRef = 6BCD1FA7288ECE9200F63E64 /* URLComponents+.swift */; };
		6BCD1FAC288EDACF00F63E64 /* PhotoListViewModel.swift in Sources */ = {isa = PBXBuildFile; fileRef = 6BCD1FAB288EDACF00F63E64 /* PhotoListViewModel.swift */; };
		6BCD1FAE288EDE3600F63E64 /* Observable.swift in Sources */ = {isa = PBXBuildFile; fileRef = 6BCD1FAD288EDE3600F63E64 /* Observable.swift */; };
		6BCD1FB0288EE8FE00F63E64 /* ImageLoader.swift in Sources */ = {isa = PBXBuildFile; fileRef = 6BCD1FAF288EE8FE00F63E64 /* ImageLoader.swift */; };
		6BCD1FB2288EEC0D00F63E64 /* PhotoListCollectionViewCellViewModel.swift in Sources */ = {isa = PBXBuildFile; fileRef = 6BCD1FB1288EEC0D00F63E64 /* PhotoListCollectionViewCellViewModel.swift */; };
		6BCD1FB4288EF17800F63E64 /* ImageTopView.swift in Sources */ = {isa = PBXBuildFile; fileRef = 6BCD1FB3288EF17800F63E64 /* ImageTopView.swift */; };
		6BCD1FB6288FA82900F63E64 /* CacheManager.swift in Sources */ = {isa = PBXBuildFile; fileRef = 6BCD1FB5288FA82900F63E64 /* CacheManager.swift */; };
		6BCD1FBE288FBF7200F63E64 /* ImageTopViewModel.swift in Sources */ = {isa = PBXBuildFile; fileRef = 6BCD1FBD288FBF7200F63E64 /* ImageTopViewModel.swift */; };
		6BCD1FC52890C75000F63E64 /* SavedPhoto.xcdatamodeld in Sources */ = {isa = PBXBuildFile; fileRef = 6BCD1FC32890C75000F63E64 /* SavedPhoto.xcdatamodeld */; };
		6BCD1FC82890C7E500F63E64 /* SavedPhotoInfo+CoreDataClass.swift in Sources */ = {isa = PBXBuildFile; fileRef = 6BCD1FC62890C7E500F63E64 /* SavedPhotoInfo+CoreDataClass.swift */; };
		6BCD1FC92890C7E500F63E64 /* SavedPhotoInfo+CoreDataProperties.swift in Sources */ = {isa = PBXBuildFile; fileRef = 6BCD1FC72890C7E500F63E64 /* SavedPhotoInfo+CoreDataProperties.swift */; };
		6BCD1FCB2890C81F00F63E64 /* CoreDataManager.swift in Sources */ = {isa = PBXBuildFile; fileRef = 6BCD1FCA2890C81F00F63E64 /* CoreDataManager.swift */; };
		6BCD1FCD2890CB3400F63E64 /* CoreSavedPhoto.swift in Sources */ = {isa = PBXBuildFile; fileRef = 6BCD1FCC2890CB3400F63E64 /* CoreSavedPhoto.swift */; };
		6BCD1FD1289135C000F63E64 /* FileManager+.swift in Sources */ = {isa = PBXBuildFile; fileRef = 6BCD1FD0289135C000F63E64 /* FileManager+.swift */; };
		6BCD1FD528914C5F00F63E64 /* SavedListViewModel.swift in Sources */ = {isa = PBXBuildFile; fileRef = 6BCD1FD428914C5F00F63E64 /* SavedListViewModel.swift */; };
		DE15E65C28604278003DD2F5 /* AppDelegate.swift in Sources */ = {isa = PBXBuildFile; fileRef = DE15E65B28604278003DD2F5 /* AppDelegate.swift */; };
		DE15E65E28604278003DD2F5 /* SceneDelegate.swift in Sources */ = {isa = PBXBuildFile; fileRef = DE15E65D28604278003DD2F5 /* SceneDelegate.swift */; };
		DE15E66028604278003DD2F5 /* PhotoListViewController.swift in Sources */ = {isa = PBXBuildFile; fileRef = DE15E65F28604278003DD2F5 /* PhotoListViewController.swift */; };
		DE15E66528604279003DD2F5 /* Assets.xcassets in Resources */ = {isa = PBXBuildFile; fileRef = DE15E66428604279003DD2F5 /* Assets.xcassets */; };
		DE15E66828604279003DD2F5 /* LaunchScreen.storyboard in Resources */ = {isa = PBXBuildFile; fileRef = DE15E66628604279003DD2F5 /* LaunchScreen.storyboard */; };
/* End PBXBuildFile section */

/* Begin PBXFileReference section */
		6B1D292B289228B8002302F3 /* TabBarViewModel.swift */ = {isa = PBXFileReference; lastKnownFileType = sourcecode.swift; path = TabBarViewModel.swift; sourceTree = "<group>"; };
		6B465E41289273DD005776ED /* UIAlertController+.swift */ = {isa = PBXFileReference; lastKnownFileType = sourcecode.swift; path = "UIAlertController+.swift"; sourceTree = "<group>"; };
		6BCD1F8E288E4D7300F63E64 /* TabBarController.swift */ = {isa = PBXFileReference; lastKnownFileType = sourcecode.swift; path = TabBarController.swift; sourceTree = "<group>"; };
		6BCD1F90288E500700F63E64 /* SavedListViewController.swift */ = {isa = PBXFileReference; lastKnownFileType = sourcecode.swift; path = SavedListViewController.swift; sourceTree = "<group>"; };
		6BCD1F92288E52ED00F63E64 /* Icon.swift */ = {isa = PBXFileReference; lastKnownFileType = sourcecode.swift; path = Icon.swift; sourceTree = "<group>"; };
		6BCD1F94288E52FF00F63E64 /* TabBar.swift */ = {isa = PBXFileReference; lastKnownFileType = sourcecode.swift; path = TabBar.swift; sourceTree = "<group>"; };
		6BCD1F9B288E5E5100F63E64 /* PhotoListCollectionViewCell.swift */ = {isa = PBXFileReference; lastKnownFileType = sourcecode.swift; path = PhotoListCollectionViewCell.swift; sourceTree = "<group>"; };
		6BCD1F9D288E5E7E00F63E64 /* CellIdentifiable.swift */ = {isa = PBXFileReference; lastKnownFileType = sourcecode.swift; path = CellIdentifiable.swift; sourceTree = "<group>"; };
		6BCD1F9F288E611D00F63E64 /* PhotoListCollectionViewLayout.swift */ = {isa = PBXFileReference; lastKnownFileType = sourcecode.swift; path = PhotoListCollectionViewLayout.swift; sourceTree = "<group>"; };
		6BCD1FA1288EBB7B00F63E64 /* Network.swift */ = {isa = PBXFileReference; lastKnownFileType = sourcecode.swift; path = Network.swift; sourceTree = "<group>"; };
		6BCD1FA5288EC95A00F63E64 /* NetworkResponse.swift */ = {isa = PBXFileReference; lastKnownFileType = sourcecode.swift; path = NetworkResponse.swift; sourceTree = "<group>"; };
		6BCD1FA7288ECE9200F63E64 /* URLComponents+.swift */ = {isa = PBXFileReference; lastKnownFileType = sourcecode.swift; path = "URLComponents+.swift"; sourceTree = "<group>"; };
		6BCD1FAB288EDACF00F63E64 /* PhotoListViewModel.swift */ = {isa = PBXFileReference; lastKnownFileType = sourcecode.swift; path = PhotoListViewModel.swift; sourceTree = "<group>"; };
		6BCD1FAD288EDE3600F63E64 /* Observable.swift */ = {isa = PBXFileReference; lastKnownFileType = sourcecode.swift; path = Observable.swift; sourceTree = "<group>"; };
		6BCD1FAF288EE8FE00F63E64 /* ImageLoader.swift */ = {isa = PBXFileReference; lastKnownFileType = sourcecode.swift; path = ImageLoader.swift; sourceTree = "<group>"; };
		6BCD1FB1288EEC0D00F63E64 /* PhotoListCollectionViewCellViewModel.swift */ = {isa = PBXFileReference; lastKnownFileType = sourcecode.swift; path = PhotoListCollectionViewCellViewModel.swift; sourceTree = "<group>"; };
		6BCD1FB3288EF17800F63E64 /* ImageTopView.swift */ = {isa = PBXFileReference; lastKnownFileType = sourcecode.swift; path = ImageTopView.swift; sourceTree = "<group>"; };
		6BCD1FB5288FA82900F63E64 /* CacheManager.swift */ = {isa = PBXFileReference; lastKnownFileType = sourcecode.swift; path = CacheManager.swift; sourceTree = "<group>"; };
		6BCD1FBD288FBF7200F63E64 /* ImageTopViewModel.swift */ = {isa = PBXFileReference; lastKnownFileType = sourcecode.swift; path = ImageTopViewModel.swift; sourceTree = "<group>"; };
		6BCD1FC42890C75000F63E64 /* SavedPhoto.xcdatamodel */ = {isa = PBXFileReference; lastKnownFileType = wrapper.xcdatamodel; path = SavedPhoto.xcdatamodel; sourceTree = "<group>"; };
		6BCD1FC62890C7E500F63E64 /* SavedPhotoInfo+CoreDataClass.swift */ = {isa = PBXFileReference; lastKnownFileType = sourcecode.swift; path = "SavedPhotoInfo+CoreDataClass.swift"; sourceTree = "<group>"; };
		6BCD1FC72890C7E500F63E64 /* SavedPhotoInfo+CoreDataProperties.swift */ = {isa = PBXFileReference; lastKnownFileType = sourcecode.swift; path = "SavedPhotoInfo+CoreDataProperties.swift"; sourceTree = "<group>"; };
		6BCD1FCA2890C81F00F63E64 /* CoreDataManager.swift */ = {isa = PBXFileReference; lastKnownFileType = sourcecode.swift; path = CoreDataManager.swift; sourceTree = "<group>"; };
		6BCD1FCC2890CB3400F63E64 /* CoreSavedPhoto.swift */ = {isa = PBXFileReference; lastKnownFileType = sourcecode.swift; path = CoreSavedPhoto.swift; sourceTree = "<group>"; };
		6BCD1FD0289135C000F63E64 /* FileManager+.swift */ = {isa = PBXFileReference; lastKnownFileType = sourcecode.swift; path = "FileManager+.swift"; sourceTree = "<group>"; };
		6BCD1FD428914C5F00F63E64 /* SavedListViewModel.swift */ = {isa = PBXFileReference; lastKnownFileType = sourcecode.swift; path = SavedListViewModel.swift; sourceTree = "<group>"; };
		DE15E65828604278003DD2F5 /* Picterest.app */ = {isa = PBXFileReference; explicitFileType = wrapper.application; includeInIndex = 0; path = Picterest.app; sourceTree = BUILT_PRODUCTS_DIR; };
		DE15E65B28604278003DD2F5 /* AppDelegate.swift */ = {isa = PBXFileReference; lastKnownFileType = sourcecode.swift; path = AppDelegate.swift; sourceTree = "<group>"; };
		DE15E65D28604278003DD2F5 /* SceneDelegate.swift */ = {isa = PBXFileReference; lastKnownFileType = sourcecode.swift; path = SceneDelegate.swift; sourceTree = "<group>"; };
		DE15E65F28604278003DD2F5 /* PhotoListViewController.swift */ = {isa = PBXFileReference; lastKnownFileType = sourcecode.swift; path = PhotoListViewController.swift; sourceTree = "<group>"; };
		DE15E66428604279003DD2F5 /* Assets.xcassets */ = {isa = PBXFileReference; lastKnownFileType = folder.assetcatalog; path = Assets.xcassets; sourceTree = "<group>"; };
		DE15E66728604279003DD2F5 /* Base */ = {isa = PBXFileReference; lastKnownFileType = file.storyboard; name = Base; path = Base.lproj/LaunchScreen.storyboard; sourceTree = "<group>"; };
		DE15E66928604279003DD2F5 /* Info.plist */ = {isa = PBXFileReference; lastKnownFileType = text.plist.xml; path = Info.plist; sourceTree = "<group>"; };
/* End PBXFileReference section */

/* Begin PBXFrameworksBuildPhase section */
		DE15E65528604278003DD2F5 /* Frameworks */ = {
			isa = PBXFrameworksBuildPhase;
			buildActionMask = 2147483647;
			files = (
			);
			runOnlyForDeploymentPostprocessing = 0;
		};
/* End PBXFrameworksBuildPhase section */

/* Begin PBXGroup section */
		6B27713628938D6600212FE7 /* Manager */ = {
			isa = PBXGroup;
			children = (
				6BCD1FA1288EBB7B00F63E64 /* Network.swift */,
				6BCD1FB5288FA82900F63E64 /* CacheManager.swift */,
				6BCD1FCA2890C81F00F63E64 /* CoreDataManager.swift */,
				6BCD1FAF288EE8FE00F63E64 /* ImageLoader.swift */,
			);
			path = Manager;
			sourceTree = "<group>";
		};
		6BCD1F96288E540200F63E64 /* Presentation */ = {
			isa = PBXGroup;
			children = (
				6BCD1F8E288E4D7300F63E64 /* TabBarController.swift */,
				6B1D292B289228B8002302F3 /* TabBarViewModel.swift */,
				6BCD1F94288E52FF00F63E64 /* TabBar.swift */,
				6BCD1F97288E540A00F63E64 /* PhotoList */,
				6BCD1F98288E541400F63E64 /* SavedList */,
			);
			path = Presentation;
			sourceTree = "<group>";
		};
		6BCD1F97288E540A00F63E64 /* PhotoList */ = {
			isa = PBXGroup;
			children = (
				DE15E65F28604278003DD2F5 /* PhotoListViewController.swift */,
				6BCD1FAB288EDACF00F63E64 /* PhotoListViewModel.swift */,
				6BCD1F9F288E611D00F63E64 /* PhotoListCollectionViewLayout.swift */,
				6BCD1F9B288E5E5100F63E64 /* PhotoListCollectionViewCell.swift */,
				6BCD1FB1288EEC0D00F63E64 /* PhotoListCollectionViewCellViewModel.swift */,
				6BCD1FB3288EF17800F63E64 /* ImageTopView.swift */,
				6BCD1FBD288FBF7200F63E64 /* ImageTopViewModel.swift */,
			);
			path = PhotoList;
			sourceTree = "<group>";
		};
		6BCD1F98288E541400F63E64 /* SavedList */ = {
			isa = PBXGroup;
			children = (
				6BCD1F90288E500700F63E64 /* SavedListViewController.swift */,
				6BCD1FD428914C5F00F63E64 /* SavedListViewModel.swift */,
			);
			path = SavedList;
			sourceTree = "<group>";
		};
		6BCD1F9A288E545E00F63E64 /* Common */ = {
			isa = PBXGroup;
			children = (
				6B27713628938D6600212FE7 /* Manager */,
				6BCD1F92288E52ED00F63E64 /* Icon.swift */,
				6BCD1F9D288E5E7E00F63E64 /* CellIdentifiable.swift */,
				6BCD1FAD288EDE3600F63E64 /* Observable.swift */,
				6BCD1FA9288ECEA500F63E64 /* Extension */,
			);
			path = Common;
			sourceTree = "<group>";
		};
		6BCD1FA9288ECEA500F63E64 /* Extension */ = {
			isa = PBXGroup;
			children = (
				6BCD1FA7288ECE9200F63E64 /* URLComponents+.swift */,
				6BCD1FD0289135C000F63E64 /* FileManager+.swift */,
				6B465E41289273DD005776ED /* UIAlertController+.swift */,
			);
			path = Extension;
			sourceTree = "<group>";
		};
		6BCD1FAA288ECEB700F63E64 /* Model */ = {
			isa = PBXGroup;
			children = (
				6BCD1FA5288EC95A00F63E64 /* NetworkResponse.swift */,
				6BCD1FCC2890CB3400F63E64 /* CoreSavedPhoto.swift */,
			);
			path = Model;
			sourceTree = "<group>";
		};
		DE15E64F28604278003DD2F5 = {
			isa = PBXGroup;
			children = (
				DE15E65A28604278003DD2F5 /* Picterest */,
				DE15E65928604278003DD2F5 /* Products */,
			);
			sourceTree = "<group>";
		};
		DE15E65928604278003DD2F5 /* Products */ = {
			isa = PBXGroup;
			children = (
				DE15E65828604278003DD2F5 /* Picterest.app */,
			);
			name = Products;
			sourceTree = "<group>";
		};
		DE15E65A28604278003DD2F5 /* Picterest */ = {
			isa = PBXGroup;
			children = (
				DE15E66428604279003DD2F5 /* Assets.xcassets */,
				DE15E66928604279003DD2F5 /* Info.plist */,
				DE15E66628604279003DD2F5 /* LaunchScreen.storyboard */,
				DE15E65B28604278003DD2F5 /* AppDelegate.swift */,
				DE15E65D28604278003DD2F5 /* SceneDelegate.swift */,
				6BCD1FC62890C7E500F63E64 /* SavedPhotoInfo+CoreDataClass.swift */,
				6BCD1FC72890C7E500F63E64 /* SavedPhotoInfo+CoreDataProperties.swift */,
				6BCD1FC32890C75000F63E64 /* SavedPhoto.xcdatamodeld */,
				6BCD1FAA288ECEB700F63E64 /* Model */,
				6BCD1F9A288E545E00F63E64 /* Common */,
				6BCD1F96288E540200F63E64 /* Presentation */,
			);
			path = Picterest;
			sourceTree = "<group>";
		};
/* End PBXGroup section */

/* Begin PBXNativeTarget section */
		DE15E65728604278003DD2F5 /* Picterest */ = {
			isa = PBXNativeTarget;
			buildConfigurationList = DE15E66C28604279003DD2F5 /* Build configuration list for PBXNativeTarget "Picterest" */;
			buildPhases = (
				DE15E65428604278003DD2F5 /* Sources */,
				DE15E65528604278003DD2F5 /* Frameworks */,
				DE15E65628604278003DD2F5 /* Resources */,
			);
			buildRules = (
			);
			dependencies = (
			);
			name = Picterest;
			productName = SNPLab;
			productReference = DE15E65828604278003DD2F5 /* Picterest.app */;
			productType = "com.apple.product-type.application";
		};
/* End PBXNativeTarget section */

/* Begin PBXProject section */
		DE15E65028604278003DD2F5 /* Project object */ = {
			isa = PBXProject;
			attributes = {
				BuildIndependentTargetsInParallel = 1;
				LastSwiftUpdateCheck = 1340;
				LastUpgradeCheck = 1340;
				TargetAttributes = {
					DE15E65728604278003DD2F5 = {
						CreatedOnToolsVersion = 13.4.1;
					};
				};
			};
			buildConfigurationList = DE15E65328604278003DD2F5 /* Build configuration list for PBXProject "Picterest" */;
			compatibilityVersion = "Xcode 13.0";
			developmentRegion = en;
			hasScannedForEncodings = 0;
			knownRegions = (
				en,
				Base,
			);
			mainGroup = DE15E64F28604278003DD2F5;
			productRefGroup = DE15E65928604278003DD2F5 /* Products */;
			projectDirPath = "";
			projectRoot = "";
			targets = (
				DE15E65728604278003DD2F5 /* Picterest */,
			);
		};
/* End PBXProject section */

/* Begin PBXResourcesBuildPhase section */
		DE15E65628604278003DD2F5 /* Resources */ = {
			isa = PBXResourcesBuildPhase;
			buildActionMask = 2147483647;
			files = (
				DE15E66828604279003DD2F5 /* LaunchScreen.storyboard in Resources */,
				DE15E66528604279003DD2F5 /* Assets.xcassets in Resources */,
			);
			runOnlyForDeploymentPostprocessing = 0;
		};
/* End PBXResourcesBuildPhase section */

/* Begin PBXSourcesBuildPhase section */
		DE15E65428604278003DD2F5 /* Sources */ = {
			isa = PBXSourcesBuildPhase;
			buildActionMask = 2147483647;
			files = (
				6BCD1FD1289135C000F63E64 /* FileManager+.swift in Sources */,
				6BCD1FC82890C7E500F63E64 /* SavedPhotoInfo+CoreDataClass.swift in Sources */,
				6BCD1FCD2890CB3400F63E64 /* CoreSavedPhoto.swift in Sources */,
				6BCD1FBE288FBF7200F63E64 /* ImageTopViewModel.swift in Sources */,
				6B465E42289273DD005776ED /* UIAlertController+.swift in Sources */,
				6BCD1F93288E52ED00F63E64 /* Icon.swift in Sources */,
				6BCD1FAE288EDE3600F63E64 /* Observable.swift in Sources */,
				6BCD1F9E288E5E7E00F63E64 /* CellIdentifiable.swift in Sources */,
				DE15E66028604278003DD2F5 /* PhotoListViewController.swift in Sources */,
				6BCD1FD528914C5F00F63E64 /* SavedListViewModel.swift in Sources */,
				6BCD1FCB2890C81F00F63E64 /* CoreDataManager.swift in Sources */,
				6BCD1F8F288E4D7300F63E64 /* TabBarController.swift in Sources */,
				6BCD1FA8288ECE9200F63E64 /* URLComponents+.swift in Sources */,
				6B1D292C289228B8002302F3 /* TabBarViewModel.swift in Sources */,
				6BCD1FB0288EE8FE00F63E64 /* ImageLoader.swift in Sources */,
				6BCD1F9C288E5E5100F63E64 /* PhotoListCollectionViewCell.swift in Sources */,
				6BCD1FC92890C7E500F63E64 /* SavedPhotoInfo+CoreDataProperties.swift in Sources */,
				6BCD1FC52890C75000F63E64 /* SavedPhoto.xcdatamodeld in Sources */,
				6BCD1FB4288EF17800F63E64 /* ImageTopView.swift in Sources */,
				6BCD1FA6288EC95A00F63E64 /* NetworkResponse.swift in Sources */,
				6BCD1FA2288EBB7B00F63E64 /* Network.swift in Sources */,
				6BCD1FB2288EEC0D00F63E64 /* PhotoListCollectionViewCellViewModel.swift in Sources */,
				6BCD1F91288E500700F63E64 /* SavedListViewController.swift in Sources */,
				6BCD1FB6288FA82900F63E64 /* CacheManager.swift in Sources */,
				DE15E65C28604278003DD2F5 /* AppDelegate.swift in Sources */,
				6BCD1FA0288E611D00F63E64 /* PhotoListCollectionViewLayout.swift in Sources */,
				DE15E65E28604278003DD2F5 /* SceneDelegate.swift in Sources */,
				6BCD1F95288E52FF00F63E64 /* TabBar.swift in Sources */,
				6BCD1FAC288EDACF00F63E64 /* PhotoListViewModel.swift in Sources */,
			);
			runOnlyForDeploymentPostprocessing = 0;
		};
/* End PBXSourcesBuildPhase section */

/* Begin PBXVariantGroup section */
		DE15E66628604279003DD2F5 /* LaunchScreen.storyboard */ = {
			isa = PBXVariantGroup;
			children = (
				DE15E66728604279003DD2F5 /* Base */,
			);
			name = LaunchScreen.storyboard;
			sourceTree = "<group>";
		};
/* End PBXVariantGroup section */

/* Begin XCBuildConfiguration section */
		DE15E66A28604279003DD2F5 /* Debug */ = {
			isa = XCBuildConfiguration;
			buildSettings = {
				ALWAYS_SEARCH_USER_PATHS = NO;
				CLANG_ANALYZER_NONNULL = YES;
				CLANG_ANALYZER_NUMBER_OBJECT_CONVERSION = YES_AGGRESSIVE;
				CLANG_CXX_LANGUAGE_STANDARD = "gnu++17";
				CLANG_ENABLE_MODULES = YES;
				CLANG_ENABLE_OBJC_ARC = YES;
				CLANG_ENABLE_OBJC_WEAK = YES;
				CLANG_WARN_BLOCK_CAPTURE_AUTORELEASING = YES;
				CLANG_WARN_BOOL_CONVERSION = YES;
				CLANG_WARN_COMMA = YES;
				CLANG_WARN_CONSTANT_CONVERSION = YES;
				CLANG_WARN_DEPRECATED_OBJC_IMPLEMENTATIONS = YES;
				CLANG_WARN_DIRECT_OBJC_ISA_USAGE = YES_ERROR;
				CLANG_WARN_DOCUMENTATION_COMMENTS = YES;
				CLANG_WARN_EMPTY_BODY = YES;
				CLANG_WARN_ENUM_CONVERSION = YES;
				CLANG_WARN_INFINITE_RECURSION = YES;
				CLANG_WARN_INT_CONVERSION = YES;
				CLANG_WARN_NON_LITERAL_NULL_CONVERSION = YES;
				CLANG_WARN_OBJC_IMPLICIT_RETAIN_SELF = YES;
				CLANG_WARN_OBJC_LITERAL_CONVERSION = YES;
				CLANG_WARN_OBJC_ROOT_CLASS = YES_ERROR;
				CLANG_WARN_QUOTED_INCLUDE_IN_FRAMEWORK_HEADER = YES;
				CLANG_WARN_RANGE_LOOP_ANALYSIS = YES;
				CLANG_WARN_STRICT_PROTOTYPES = YES;
				CLANG_WARN_SUSPICIOUS_MOVE = YES;
				CLANG_WARN_UNGUARDED_AVAILABILITY = YES_AGGRESSIVE;
				CLANG_WARN_UNREACHABLE_CODE = YES;
				CLANG_WARN__DUPLICATE_METHOD_MATCH = YES;
				COPY_PHASE_STRIP = NO;
				DEBUG_INFORMATION_FORMAT = dwarf;
				ENABLE_STRICT_OBJC_MSGSEND = YES;
				ENABLE_TESTABILITY = YES;
				GCC_C_LANGUAGE_STANDARD = gnu11;
				GCC_DYNAMIC_NO_PIC = NO;
				GCC_NO_COMMON_BLOCKS = YES;
				GCC_OPTIMIZATION_LEVEL = 0;
				GCC_PREPROCESSOR_DEFINITIONS = (
					"DEBUG=1",
					"$(inherited)",
				);
				GCC_WARN_64_TO_32_BIT_CONVERSION = YES;
				GCC_WARN_ABOUT_RETURN_TYPE = YES_ERROR;
				GCC_WARN_UNDECLARED_SELECTOR = YES;
				GCC_WARN_UNINITIALIZED_AUTOS = YES_AGGRESSIVE;
				GCC_WARN_UNUSED_FUNCTION = YES;
				GCC_WARN_UNUSED_VARIABLE = YES;
				IPHONEOS_DEPLOYMENT_TARGET = 15.0;
				MTL_ENABLE_DEBUG_INFO = INCLUDE_SOURCE;
				MTL_FAST_MATH = YES;
				ONLY_ACTIVE_ARCH = YES;
				SDKROOT = iphoneos;
				SWIFT_ACTIVE_COMPILATION_CONDITIONS = DEBUG;
				SWIFT_OPTIMIZATION_LEVEL = "-Onone";
			};
			name = Debug;
		};
		DE15E66B28604279003DD2F5 /* Release */ = {
			isa = XCBuildConfiguration;
			buildSettings = {
				ALWAYS_SEARCH_USER_PATHS = NO;
				CLANG_ANALYZER_NONNULL = YES;
				CLANG_ANALYZER_NUMBER_OBJECT_CONVERSION = YES_AGGRESSIVE;
				CLANG_CXX_LANGUAGE_STANDARD = "gnu++17";
				CLANG_ENABLE_MODULES = YES;
				CLANG_ENABLE_OBJC_ARC = YES;
				CLANG_ENABLE_OBJC_WEAK = YES;
				CLANG_WARN_BLOCK_CAPTURE_AUTORELEASING = YES;
				CLANG_WARN_BOOL_CONVERSION = YES;
				CLANG_WARN_COMMA = YES;
				CLANG_WARN_CONSTANT_CONVERSION = YES;
				CLANG_WARN_DEPRECATED_OBJC_IMPLEMENTATIONS = YES;
				CLANG_WARN_DIRECT_OBJC_ISA_USAGE = YES_ERROR;
				CLANG_WARN_DOCUMENTATION_COMMENTS = YES;
				CLANG_WARN_EMPTY_BODY = YES;
				CLANG_WARN_ENUM_CONVERSION = YES;
				CLANG_WARN_INFINITE_RECURSION = YES;
				CLANG_WARN_INT_CONVERSION = YES;
				CLANG_WARN_NON_LITERAL_NULL_CONVERSION = YES;
				CLANG_WARN_OBJC_IMPLICIT_RETAIN_SELF = YES;
				CLANG_WARN_OBJC_LITERAL_CONVERSION = YES;
				CLANG_WARN_OBJC_ROOT_CLASS = YES_ERROR;
				CLANG_WARN_QUOTED_INCLUDE_IN_FRAMEWORK_HEADER = YES;
				CLANG_WARN_RANGE_LOOP_ANALYSIS = YES;
				CLANG_WARN_STRICT_PROTOTYPES = YES;
				CLANG_WARN_SUSPICIOUS_MOVE = YES;
				CLANG_WARN_UNGUARDED_AVAILABILITY = YES_AGGRESSIVE;
				CLANG_WARN_UNREACHABLE_CODE = YES;
				CLANG_WARN__DUPLICATE_METHOD_MATCH = YES;
				COPY_PHASE_STRIP = NO;
				DEBUG_INFORMATION_FORMAT = "dwarf-with-dsym";
				ENABLE_NS_ASSERTIONS = NO;
				ENABLE_STRICT_OBJC_MSGSEND = YES;
				GCC_C_LANGUAGE_STANDARD = gnu11;
				GCC_NO_COMMON_BLOCKS = YES;
				GCC_WARN_64_TO_32_BIT_CONVERSION = YES;
				GCC_WARN_ABOUT_RETURN_TYPE = YES_ERROR;
				GCC_WARN_UNDECLARED_SELECTOR = YES;
				GCC_WARN_UNINITIALIZED_AUTOS = YES_AGGRESSIVE;
				GCC_WARN_UNUSED_FUNCTION = YES;
				GCC_WARN_UNUSED_VARIABLE = YES;
				IPHONEOS_DEPLOYMENT_TARGET = 15.0;
				MTL_ENABLE_DEBUG_INFO = NO;
				MTL_FAST_MATH = YES;
				SDKROOT = iphoneos;
				SWIFT_COMPILATION_MODE = wholemodule;
				SWIFT_OPTIMIZATION_LEVEL = "-O";
				VALIDATE_PRODUCT = YES;
			};
			name = Release;
		};
		DE15E66D28604279003DD2F5 /* Debug */ = {
			isa = XCBuildConfiguration;
			buildSettings = {
				ASSETCATALOG_COMPILER_APPICON_NAME = AppIcon;
				ASSETCATALOG_COMPILER_GLOBAL_ACCENT_COLOR_NAME = AccentColor;
				CODE_SIGN_STYLE = Automatic;
				CURRENT_PROJECT_VERSION = 1;
				DEVELOPMENT_TEAM = TB9WF4459Q;
				GENERATE_INFOPLIST_FILE = YES;
				INFOPLIST_FILE = Picterest/Info.plist;
				INFOPLIST_KEY_UIApplicationSupportsIndirectInputEvents = YES;
				INFOPLIST_KEY_UILaunchStoryboardName = LaunchScreen;
				INFOPLIST_KEY_UISupportedInterfaceOrientations = UIInterfaceOrientationPortrait;
				INFOPLIST_KEY_UISupportedInterfaceOrientations_iPad = "UIInterfaceOrientationPortrait UIInterfaceOrientationPortraitUpsideDown UIInterfaceOrientationLandscapeLeft UIInterfaceOrientationLandscapeRight";
				INFOPLIST_KEY_UISupportedInterfaceOrientations_iPhone = UIInterfaceOrientationPortrait;
				LD_RUNPATH_SEARCH_PATHS = (
					"$(inherited)",
					"@executable_path/Frameworks",
				);
				MARKETING_VERSION = 1.0;
				PRODUCT_BUNDLE_IDENTIFIER = net.yagom.Picterest.;
				PRODUCT_NAME = "$(TARGET_NAME)";
				SWIFT_EMIT_LOC_STRINGS = YES;
				SWIFT_VERSION = 5.0;
				TARGETED_DEVICE_FAMILY = 1;
			};
			name = Debug;
		};
		DE15E66E28604279003DD2F5 /* Release */ = {
			isa = XCBuildConfiguration;
			buildSettings = {
				ASSETCATALOG_COMPILER_APPICON_NAME = AppIcon;
				ASSETCATALOG_COMPILER_GLOBAL_ACCENT_COLOR_NAME = AccentColor;
				CODE_SIGN_STYLE = Automatic;
				CURRENT_PROJECT_VERSION = 1;
				DEVELOPMENT_TEAM = TB9WF4459Q;
				GENERATE_INFOPLIST_FILE = YES;
				INFOPLIST_FILE = Picterest/Info.plist;
				INFOPLIST_KEY_UIApplicationSupportsIndirectInputEvents = YES;
				INFOPLIST_KEY_UILaunchStoryboardName = LaunchScreen;
				INFOPLIST_KEY_UISupportedInterfaceOrientations = UIInterfaceOrientationPortrait;
				INFOPLIST_KEY_UISupportedInterfaceOrientations_iPad = "UIInterfaceOrientationPortrait UIInterfaceOrientationPortraitUpsideDown UIInterfaceOrientationLandscapeLeft UIInterfaceOrientationLandscapeRight";
				INFOPLIST_KEY_UISupportedInterfaceOrientations_iPhone = UIInterfaceOrientationPortrait;
				LD_RUNPATH_SEARCH_PATHS = (
					"$(inherited)",
					"@executable_path/Frameworks",
				);
				MARKETING_VERSION = 1.0;
				PRODUCT_BUNDLE_IDENTIFIER = net.yagom.Picterest.;
				PRODUCT_NAME = "$(TARGET_NAME)";
				SWIFT_EMIT_LOC_STRINGS = YES;
				SWIFT_VERSION = 5.0;
				TARGETED_DEVICE_FAMILY = 1;
			};
			name = Release;
		};
/* End XCBuildConfiguration section */

/* Begin XCConfigurationList section */
		DE15E65328604278003DD2F5 /* Build configuration list for PBXProject "Picterest" */ = {
			isa = XCConfigurationList;
			buildConfigurations = (
				DE15E66A28604279003DD2F5 /* Debug */,
				DE15E66B28604279003DD2F5 /* Release */,
			);
			defaultConfigurationIsVisible = 0;
			defaultConfigurationName = Release;
		};
		DE15E66C28604279003DD2F5 /* Build configuration list for PBXNativeTarget "Picterest" */ = {
			isa = XCConfigurationList;
			buildConfigurations = (
				DE15E66D28604279003DD2F5 /* Debug */,
				DE15E66E28604279003DD2F5 /* Release */,
			);
			defaultConfigurationIsVisible = 0;
			defaultConfigurationName = Release;
		};
/* End XCConfigurationList section */

/* Begin XCVersionGroup section */
		6BCD1FC32890C75000F63E64 /* SavedPhoto.xcdatamodeld */ = {
			isa = XCVersionGroup;
			children = (
				6BCD1FC42890C75000F63E64 /* SavedPhoto.xcdatamodel */,
			);
			currentVersion = 6BCD1FC42890C75000F63E64 /* SavedPhoto.xcdatamodel */;
			path = SavedPhoto.xcdatamodeld;
			sourceTree = "<group>";
			versionGroupType = wrapper.xcdatamodel;
		};
/* End XCVersionGroup section */
	};
	rootObject = DE15E65028604278003DD2F5 /* Project object */;
}
